schema: '2.0'
stages:
  convert_sly_to_int:
    cmd:
    - rm -rf data/interim || true
    - python src/data/convert_sly_to_int.py
    deps:
    - path: configs/convert_sly_to_int.yaml
      md5: 1a1c51e114ed375b92af2859454ef08e
      size: 69
    - path: data/sly
      md5: bab48f8682246bb490479393866d8b43.dir
      size: 895760985
      nfiles: 2002
    - path: src/data/convert_sly_to_int.py
      md5: 06c6d94fba115bb6de64d9d614c3bf96
      size: 5494
    - path: src/data/utils.py
      md5: dc9a01e80a64b7b5cc87a95b0b5662b7
      size: 2545
    outs:
    - path: data/interim/img
      md5: b49e4218b284bc2ba570630ec1a94b20.dir
      size: 869803815
      nfiles: 1000
    - path: data/interim/metadata.csv
      md5: 78c4066edaa7b543164aced1daaa8faa
      size: 22791257
  convert_int_to_final:
    cmd:
    - rm -rf data/final || true
    - python src/data/convert_int_to_final.py
    deps:
    - path: configs/convert_int_to_final.yaml
      md5: 65f92701a0a2dbe339bce329379822cc
      size: 281
    - path: data/interim/img
      md5: b49e4218b284bc2ba570630ec1a94b20.dir
      size: 869803815
      nfiles: 1000
    - path: data/interim/metadata.csv
      md5: 78c4066edaa7b543164aced1daaa8faa
      size: 22791257
    - path: src/data/convert_int_to_final.py
      md5: 402e8257e36dd8a133a7bc5d84e2df5b
      size: 4397
    outs:
    - path: data/final/test
      md5: 1b0639bc34afb494c854f5fe5208351a.dir
      size: 2184088176
      nfiles: 444
    - path: data/final/train
      md5: 7bcf398a87e7024073ba925f79a1b5e2.dir
      size: 11205436778
      nfiles: 2367
